// !$*UTF8*$!
{
	archiveVersion = 1;
	classes = {
	};
	objectVersion = 56;
	objects = {

/* Begin PBXBuildFile section */
		0E13870F29E2E70A00825B9D /* Localizable.strings in Resources */ = {isa = PBXBuildFile; fileRef = 0E13871129E2E70A00825B9D /* Localizable.strings */; };
		0E58FFAB29E23607004C8CE5 /* WeatherKitAppApp.swift in Sources */ = {isa = PBXBuildFile; fileRef = 0E58FFAA29E23607004C8CE5 /* WeatherKitAppApp.swift */; };
		0E58FFAD29E23607004C8CE5 /* ContentView.swift in Sources */ = {isa = PBXBuildFile; fileRef = 0E58FFAC29E23607004C8CE5 /* ContentView.swift */; };
		0E58FFAF29E23608004C8CE5 /* Assets.xcassets in Resources */ = {isa = PBXBuildFile; fileRef = 0E58FFAE29E23608004C8CE5 /* Assets.xcassets */; };
		0E58FFB329E23608004C8CE5 /* Preview Assets.xcassets in Resources */ = {isa = PBXBuildFile; fileRef = 0E58FFB229E23608004C8CE5 /* Preview Assets.xcassets */; };
		0E58FFBE29E23670004C8CE5 /* CurrentWeatherCell.swift in Sources */ = {isa = PBXBuildFile; fileRef = 0E58FFBD29E23670004C8CE5 /* CurrentWeatherCell.swift */; };
		0E58FFC029E2367C004C8CE5 /* HourlyForecastCell.swift in Sources */ = {isa = PBXBuildFile; fileRef = 0E58FFBF29E2367C004C8CE5 /* HourlyForecastCell.swift */; };
		0E58FFC229E23687004C8CE5 /* DailyForecastCell.swift in Sources */ = {isa = PBXBuildFile; fileRef = 0E58FFC129E23687004C8CE5 /* DailyForecastCell.swift */; };
		0E58FFC429E23691004C8CE5 /* AttributionInfoCell.swift in Sources */ = {isa = PBXBuildFile; fileRef = 0E58FFC329E23691004C8CE5 /* AttributionInfoCell.swift */; };
		0E58FFC629E2369F004C8CE5 /* WeatherData.swift in Sources */ = {isa = PBXBuildFile; fileRef = 0E58FFC529E2369F004C8CE5 /* WeatherData.swift */; };
		0E58FFC829E236A8004C8CE5 /* Extensions.swift in Sources */ = {isa = PBXBuildFile; fileRef = 0E58FFC729E236A8004C8CE5 /* Extensions.swift */; };
		0E58FFCA29E236B2004C8CE5 /* LocationManager.swift in Sources */ = {isa = PBXBuildFile; fileRef = 0E58FFC929E236B2004C8CE5 /* LocationManager.swift */; };
		0E58FFCC29E236BC004C8CE5 /* ShareService.swift in Sources */ = {isa = PBXBuildFile; fileRef = 0E58FFCB29E236BC004C8CE5 /* ShareService.swift */; };
/* End PBXBuildFile section */

/* Begin PBXFileReference section */
		0E13871029E2E70A00825B9D /* en */ = {isa = PBXFileReference; lastKnownFileType = text.plist.strings; name = en; path = en.lproj/Localizable.strings; sourceTree = "<group>"; };
		0E13871229E2E71100825B9D /* ja */ = {isa = PBXFileReference; lastKnownFileType = text.plist.strings; name = ja; path = ja.lproj/Localizable.strings; sourceTree = "<group>"; };
		0E58FFA729E23607004C8CE5 /* WeatherKitApp.app */ = {isa = PBXFileReference; explicitFileType = wrapper.application; includeInIndex = 0; path = WeatherKitApp.app; sourceTree = BUILT_PRODUCTS_DIR; };
		0E58FFAA29E23607004C8CE5 /* WeatherKitAppApp.swift */ = {isa = PBXFileReference; lastKnownFileType = sourcecode.swift; path = WeatherKitAppApp.swift; sourceTree = "<group>"; };
		0E58FFAC29E23607004C8CE5 /* ContentView.swift */ = {isa = PBXFileReference; lastKnownFileType = sourcecode.swift; path = ContentView.swift; sourceTree = "<group>"; };
		0E58FFAE29E23608004C8CE5 /* Assets.xcassets */ = {isa = PBXFileReference; lastKnownFileType = folder.assetcatalog; path = Assets.xcassets; sourceTree = "<group>"; };
		0E58FFB029E23608004C8CE5 /* WeatherKitApp.entitlements */ = {isa = PBXFileReference; lastKnownFileType = text.plist.entitlements; path = WeatherKitApp.entitlements; sourceTree = "<group>"; };
		0E58FFB229E23608004C8CE5 /* Preview Assets.xcassets */ = {isa = PBXFileReference; lastKnownFileType = folder.assetcatalog; path = "Preview Assets.xcassets"; sourceTree = "<group>"; };
		0E58FFBD29E23670004C8CE5 /* CurrentWeatherCell.swift */ = {isa = PBXFileReference; lastKnownFileType = sourcecode.swift; path = CurrentWeatherCell.swift; sourceTree = "<group>"; };
		0E58FFBF29E2367C004C8CE5 /* HourlyForecastCell.swift */ = {isa = PBXFileReference; lastKnownFileType = sourcecode.swift; path = HourlyForecastCell.swift; sourceTree = "<group>"; };
		0E58FFC129E23687004C8CE5 /* DailyForecastCell.swift */ = {isa = PBXFileReference; lastKnownFileType = sourcecode.swift; path = DailyForecastCell.swift; sourceTree = "<group>"; };
		0E58FFC329E23691004C8CE5 /* AttributionInfoCell.swift */ = {isa = PBXFileReference; lastKnownFileType = sourcecode.swift; path = AttributionInfoCell.swift; sourceTree = "<group>"; };
		0E58FFC529E2369F004C8CE5 /* WeatherData.swift */ = {isa = PBXFileReference; lastKnownFileType = sourcecode.swift; path = WeatherData.swift; sourceTree = "<group>"; };
		0E58FFC729E236A8004C8CE5 /* Extensions.swift */ = {isa = PBXFileReference; lastKnownFileType = sourcecode.swift; path = Extensions.swift; sourceTree = "<group>"; };
		0E58FFC929E236B2004C8CE5 /* LocationManager.swift */ = {isa = PBXFileReference; lastKnownFileType = sourcecode.swift; path = LocationManager.swift; sourceTree = "<group>"; };
		0E58FFCB29E236BC004C8CE5 /* ShareService.swift */ = {isa = PBXFileReference; lastKnownFileType = sourcecode.swift; path = ShareService.swift; sourceTree = "<group>"; };
/* End PBXFileReference section */

/* Begin PBXFrameworksBuildPhase section */
		0E58FFA429E23607004C8CE5 /* Frameworks */ = {
			isa = PBXFrameworksBuildPhase;
			buildActionMask = 2147483647;
			files = (
			);
			runOnlyForDeploymentPostprocessing = 0;
		};
/* End PBXFrameworksBuildPhase section */

/* Begin PBXGroup section */
		0E58FF9E29E23607004C8CE5 = {
			isa = PBXGroup;
			children = (
				0E58FFA929E23607004C8CE5 /* WeatherKitApp */,
				0E58FFA829E23607004C8CE5 /* Products */,
			);
			sourceTree = "<group>";
		};
		0E58FFA829E23607004C8CE5 /* Products */ = {
			isa = PBXGroup;
			children = (
				0E58FFA729E23607004C8CE5 /* WeatherKitApp.app */,
			);
			name = Products;
			sourceTree = "<group>";
		};
		0E58FFA929E23607004C8CE5 /* WeatherKitApp */ = {
			isa = PBXGroup;
			children = (
				0E58FFAA29E23607004C8CE5 /* WeatherKitAppApp.swift */,
				0E58FFB929E23623004C8CE5 /* Service */,
				0E58FFBA29E2362F004C8CE5 /* Models */,
				0E58FFBB29E2363C004C8CE5 /* Views */,
				0E58FFBC29E23641004C8CE5 /* Cells */,
				0E58FFAE29E23608004C8CE5 /* Assets.xcassets */,
				0E58FFB029E23608004C8CE5 /* WeatherKitApp.entitlements */,
				0E58FFB129E23608004C8CE5 /* Preview Content */,
				0E13871129E2E70A00825B9D /* Localizable.strings */,
			);
			path = WeatherKitApp;
			sourceTree = "<group>";
		};
		0E58FFB129E23608004C8CE5 /* Preview Content */ = {
			isa = PBXGroup;
			children = (
				0E58FFB229E23608004C8CE5 /* Preview Assets.xcassets */,
			);
			path = "Preview Content";
			sourceTree = "<group>";
		};
		0E58FFB929E23623004C8CE5 /* Service */ = {
			isa = PBXGroup;
			children = (
				0E58FFC729E236A8004C8CE5 /* Extensions.swift */,
				0E58FFC929E236B2004C8CE5 /* LocationManager.swift */,
				0E58FFCB29E236BC004C8CE5 /* ShareService.swift */,
			);
			path = Service;
			sourceTree = "<group>";
		};
		0E58FFBA29E2362F004C8CE5 /* Models */ = {
			isa = PBXGroup;
			children = (
				0E58FFC529E2369F004C8CE5 /* WeatherData.swift */,
			);
			path = Models;
			sourceTree = "<group>";
		};
		0E58FFBB29E2363C004C8CE5 /* Views */ = {
			isa = PBXGroup;
			children = (
				0E58FFAC29E23607004C8CE5 /* ContentView.swift */,
			);
			path = Views;
			sourceTree = "<group>";
		};
		0E58FFBC29E23641004C8CE5 /* Cells */ = {
			isa = PBXGroup;
			children = (
				0E58FFBD29E23670004C8CE5 /* CurrentWeatherCell.swift */,
				0E58FFBF29E2367C004C8CE5 /* HourlyForecastCell.swift */,
				0E58FFC129E23687004C8CE5 /* DailyForecastCell.swift */,
				0E58FFC329E23691004C8CE5 /* AttributionInfoCell.swift */,
			);
			path = Cells;
			sourceTree = "<group>";
		};
/* End PBXGroup section */

/* Begin PBXNativeTarget section */
		0E58FFA629E23607004C8CE5 /* WeatherKitApp */ = {
			isa = PBXNativeTarget;
			buildConfigurationList = 0E58FFB629E23608004C8CE5 /* Build configuration list for PBXNativeTarget "WeatherKitApp" */;
			buildPhases = (
				0E58FFA329E23607004C8CE5 /* Sources */,
				0E58FFA429E23607004C8CE5 /* Frameworks */,
				0E58FFA529E23607004C8CE5 /* Resources */,
			);
			buildRules = (
			);
			dependencies = (
			);
			name = WeatherKitApp;
			productName = WeatherKitApp;
			productReference = 0E58FFA729E23607004C8CE5 /* WeatherKitApp.app */;
			productType = "com.apple.product-type.application";
		};
/* End PBXNativeTarget section */

/* Begin PBXProject section */
		0E58FF9F29E23607004C8CE5 /* Project object */ = {
			isa = PBXProject;
			attributes = {
				BuildIndependentTargetsInParallel = 1;
				LastSwiftUpdateCheck = 1430;
				LastUpgradeCheck = 1430;
				TargetAttributes = {
					0E58FFA629E23607004C8CE5 = {
						CreatedOnToolsVersion = 14.3;
					};
				};
			};
			buildConfigurationList = 0E58FFA229E23607004C8CE5 /* Build configuration list for PBXProject "WeatherKitApp" */;
			compatibilityVersion = "Xcode 14.0";
			developmentRegion = en;
			hasScannedForEncodings = 0;
			knownRegions = (
				en,
				Base,
				ja,
			);
			mainGroup = 0E58FF9E29E23607004C8CE5;
			productRefGroup = 0E58FFA829E23607004C8CE5 /* Products */;
			projectDirPath = "";
			projectRoot = "";
			targets = (
				0E58FFA629E23607004C8CE5 /* WeatherKitApp */,
			);
		};
/* End PBXProject section */

/* Begin PBXResourcesBuildPhase section */
		0E58FFA529E23607004C8CE5 /* Resources */ = {
			isa = PBXResourcesBuildPhase;
			buildActionMask = 2147483647;
			files = (
				0E58FFB329E23608004C8CE5 /* Preview Assets.xcassets in Resources */,
				0E13870F29E2E70A00825B9D /* Localizable.strings in Resources */,
				0E58FFAF29E23608004C8CE5 /* Assets.xcassets in Resources */,
			);
			runOnlyForDeploymentPostprocessing = 0;
		};
/* End PBXResourcesBuildPhase section */

/* Begin PBXSourcesBuildPhase section */
		0E58FFA329E23607004C8CE5 /* Sources */ = {
			isa = PBXSourcesBuildPhase;
			buildActionMask = 2147483647;
			files = (
				0E58FFC229E23687004C8CE5 /* DailyForecastCell.swift in Sources */,
				0E58FFCC29E236BC004C8CE5 /* ShareService.swift in Sources */,
				0E58FFAD29E23607004C8CE5 /* ContentView.swift in Sources */,
				0E58FFC629E2369F004C8CE5 /* WeatherData.swift in Sources */,
				0E58FFC829E236A8004C8CE5 /* Extensions.swift in Sources */,
				0E58FFC029E2367C004C8CE5 /* HourlyForecastCell.swift in Sources */,
				0E58FFC429E23691004C8CE5 /* AttributionInfoCell.swift in Sources */,
				0E58FFAB29E23607004C8CE5 /* WeatherKitAppApp.swift in Sources */,
				0E58FFBE29E23670004C8CE5 /* CurrentWeatherCell.swift in Sources */,
				0E58FFCA29E236B2004C8CE5 /* LocationManager.swift in Sources */,
			);
			runOnlyForDeploymentPostprocessing = 0;
		};
/* End PBXSourcesBuildPhase section */

/* Begin PBXVariantGroup section */
		0E13871129E2E70A00825B9D /* Localizable.strings */ = {
			isa = PBXVariantGroup;
			children = (
				0E13871029E2E70A00825B9D /* en */,
				0E13871229E2E71100825B9D /* ja */,
			);
			name = Localizable.strings;
			sourceTree = "<group>";
		};
/* End PBXVariantGroup section */

/* Begin XCBuildConfiguration section */
		0E58FFB429E23608004C8CE5 /* Debug */ = {
			isa = XCBuildConfiguration;
			buildSettings = {
				ALWAYS_SEARCH_USER_PATHS = NO;
				CLANG_ANALYZER_NONNULL = YES;
				CLANG_ANALYZER_NUMBER_OBJECT_CONVERSION = YES_AGGRESSIVE;
				CLANG_CXX_LANGUAGE_STANDARD = "gnu++20";
				CLANG_ENABLE_MODULES = YES;
				CLANG_ENABLE_OBJC_ARC = YES;
				CLANG_ENABLE_OBJC_WEAK = YES;
				CLANG_WARN_BLOCK_CAPTURE_AUTORELEASING = YES;
				CLANG_WARN_BOOL_CONVERSION = YES;
				CLANG_WARN_COMMA = YES;
				CLANG_WARN_CONSTANT_CONVERSION = YES;
				CLANG_WARN_DEPRECATED_OBJC_IMPLEMENTATIONS = YES;
				CLANG_WARN_DIRECT_OBJC_ISA_USAGE = YES_ERROR;
				CLANG_WARN_DOCUMENTATION_COMMENTS = YES;
				CLANG_WARN_EMPTY_BODY = YES;
				CLANG_WARN_ENUM_CONVERSION = YES;
				CLANG_WARN_INFINITE_RECURSION = YES;
				CLANG_WARN_INT_CONVERSION = YES;
				CLANG_WARN_NON_LITERAL_NULL_CONVERSION = YES;
				CLANG_WARN_OBJC_IMPLICIT_RETAIN_SELF = YES;
				CLANG_WARN_OBJC_LITERAL_CONVERSION = YES;
				CLANG_WARN_OBJC_ROOT_CLASS = YES_ERROR;
				CLANG_WARN_QUOTED_INCLUDE_IN_FRAMEWORK_HEADER = YES;
				CLANG_WARN_RANGE_LOOP_ANALYSIS = YES;
				CLANG_WARN_STRICT_PROTOTYPES = YES;
				CLANG_WARN_SUSPICIOUS_MOVE = YES;
				CLANG_WARN_UNGUARDED_AVAILABILITY = YES_AGGRESSIVE;
				CLANG_WARN_UNREACHABLE_CODE = YES;
				CLANG_WARN__DUPLICATE_METHOD_MATCH = YES;
				COPY_PHASE_STRIP = NO;
				DEBUG_INFORMATION_FORMAT = dwarf;
				ENABLE_STRICT_OBJC_MSGSEND = YES;
				ENABLE_TESTABILITY = YES;
				GCC_C_LANGUAGE_STANDARD = gnu11;
				GCC_DYNAMIC_NO_PIC = NO;
				GCC_NO_COMMON_BLOCKS = YES;
				GCC_OPTIMIZATION_LEVEL = 0;
				GCC_PREPROCESSOR_DEFINITIONS = (
					"DEBUG=1",
					"$(inherited)",
				);
				GCC_WARN_64_TO_32_BIT_CONVERSION = YES;
				GCC_WARN_ABOUT_RETURN_TYPE = YES_ERROR;
				GCC_WARN_UNDECLARED_SELECTOR = YES;
				GCC_WARN_UNINITIALIZED_AUTOS = YES_AGGRESSIVE;
				GCC_WARN_UNUSED_FUNCTION = YES;
				GCC_WARN_UNUSED_VARIABLE = YES;
				MTL_ENABLE_DEBUG_INFO = INCLUDE_SOURCE;
				MTL_FAST_MATH = YES;
				ONLY_ACTIVE_ARCH = YES;
				SWIFT_ACTIVE_COMPILATION_CONDITIONS = DEBUG;
				SWIFT_OPTIMIZATION_LEVEL = "-Onone";
			};
			name = Debug;
		};
		0E58FFB529E23608004C8CE5 /* Release */ = {
			isa = XCBuildConfiguration;
			buildSettings = {
				ALWAYS_SEARCH_USER_PATHS = NO;
				CLANG_ANALYZER_NONNULL = YES;
				CLANG_ANALYZER_NUMBER_OBJECT_CONVERSION = YES_AGGRESSIVE;
				CLANG_CXX_LANGUAGE_STANDARD = "gnu++20";
				CLANG_ENABLE_MODULES = YES;
				CLANG_ENABLE_OBJC_ARC = YES;
				CLANG_ENABLE_OBJC_WEAK = YES;
				CLANG_WARN_BLOCK_CAPTURE_AUTORELEASING = YES;
				CLANG_WARN_BOOL_CONVERSION = YES;
				CLANG_WARN_COMMA = YES;
				CLANG_WARN_CONSTANT_CONVERSION = YES;
				CLANG_WARN_DEPRECATED_OBJC_IMPLEMENTATIONS = YES;
				CLANG_WARN_DIRECT_OBJC_ISA_USAGE = YES_ERROR;
				CLANG_WARN_DOCUMENTATION_COMMENTS = YES;
				CLANG_WARN_EMPTY_BODY = YES;
				CLANG_WARN_ENUM_CONVERSION = YES;
				CLANG_WARN_INFINITE_RECURSION = YES;
				CLANG_WARN_INT_CONVERSION = YES;
				CLANG_WARN_NON_LITERAL_NULL_CONVERSION = YES;
				CLANG_WARN_OBJC_IMPLICIT_RETAIN_SELF = YES;
				CLANG_WARN_OBJC_LITERAL_CONVERSION = YES;
				CLANG_WARN_OBJC_ROOT_CLASS = YES_ERROR;
				CLANG_WARN_QUOTED_INCLUDE_IN_FRAMEWORK_HEADER = YES;
				CLANG_WARN_RANGE_LOOP_ANALYSIS = YES;
				CLANG_WARN_STRICT_PROTOTYPES = YES;
				CLANG_WARN_SUSPICIOUS_MOVE = YES;
				CLANG_WARN_UNGUARDED_AVAILABILITY = YES_AGGRESSIVE;
				CLANG_WARN_UNREACHABLE_CODE = YES;
				CLANG_WARN__DUPLICATE_METHOD_MATCH = YES;
				COPY_PHASE_STRIP = NO;
				DEBUG_INFORMATION_FORMAT = "dwarf-with-dsym";
				ENABLE_NS_ASSERTIONS = NO;
				ENABLE_STRICT_OBJC_MSGSEND = YES;
				GCC_C_LANGUAGE_STANDARD = gnu11;
				GCC_NO_COMMON_BLOCKS = YES;
				GCC_WARN_64_TO_32_BIT_CONVERSION = YES;
				GCC_WARN_ABOUT_RETURN_TYPE = YES_ERROR;
				GCC_WARN_UNDECLARED_SELECTOR = YES;
				GCC_WARN_UNINITIALIZED_AUTOS = YES_AGGRESSIVE;
				GCC_WARN_UNUSED_FUNCTION = YES;
				GCC_WARN_UNUSED_VARIABLE = YES;
				MTL_ENABLE_DEBUG_INFO = NO;
				MTL_FAST_MATH = YES;
				SWIFT_COMPILATION_MODE = wholemodule;
				SWIFT_OPTIMIZATION_LEVEL = "-O";
			};
			name = Release;
		};
		0E58FFB729E23608004C8CE5 /* Debug */ = {
			isa = XCBuildConfiguration;
			buildSettings = {
				ASSETCATALOG_COMPILER_APPICON_NAME = AppIcon;
				ASSETCATALOG_COMPILER_GLOBAL_ACCENT_COLOR_NAME = AccentColor;
				CODE_SIGN_ENTITLEMENTS = WeatherKitApp/WeatherKitApp.entitlements;
				CODE_SIGN_STYLE = Automatic;
				CURRENT_PROJECT_VERSION = 1;
				DEVELOPMENT_ASSET_PATHS = "\"WeatherKitApp/Preview Content\"";
				DEVELOPMENT_TEAM = CJBS8X59FK;
				ENABLE_HARDENED_RUNTIME = YES;
				ENABLE_PREVIEWS = YES;
				GENERATE_INFOPLIST_FILE = YES;
				INFOPLIST_KEY_NSLocationWhenInUseUsageDescription = "位置情報を使用します";
				"INFOPLIST_KEY_UIApplicationSceneManifest_Generation[sdk=iphoneos*]" = YES;
				"INFOPLIST_KEY_UIApplicationSceneManifest_Generation[sdk=iphonesimulator*]" = YES;
				"INFOPLIST_KEY_UIApplicationSupportsIndirectInputEvents[sdk=iphoneos*]" = YES;
				"INFOPLIST_KEY_UIApplicationSupportsIndirectInputEvents[sdk=iphonesimulator*]" = YES;
				"INFOPLIST_KEY_UILaunchScreen_Generation[sdk=iphoneos*]" = YES;
				"INFOPLIST_KEY_UILaunchScreen_Generation[sdk=iphonesimulator*]" = YES;
				INFOPLIST_KEY_UIStatusBarStyle = "";
				"INFOPLIST_KEY_UIStatusBarStyle[sdk=iphoneos*]" = UIStatusBarStyleDefault;
				"INFOPLIST_KEY_UIStatusBarStyle[sdk=iphonesimulator*]" = UIStatusBarStyleDefault;
				INFOPLIST_KEY_UISupportedInterfaceOrientations_iPad = "UIInterfaceOrientationPortrait UIInterfaceOrientationPortraitUpsideDown UIInterfaceOrientationLandscapeLeft UIInterfaceOrientationLandscapeRight";
				INFOPLIST_KEY_UISupportedInterfaceOrientations_iPhone = "UIInterfaceOrientationPortrait UIInterfaceOrientationLandscapeLeft UIInterfaceOrientationLandscapeRight";
				IPHONEOS_DEPLOYMENT_TARGET = 16.4;
				LD_RUNPATH_SEARCH_PATHS = "@executable_path/Frameworks";
				"LD_RUNPATH_SEARCH_PATHS[sdk=macosx*]" = "@executable_path/../Frameworks";
				MACOSX_DEPLOYMENT_TARGET = 13.3;
				MARKETING_VERSION = 1.0;
				PRODUCT_BUNDLE_IDENTIFIER = jp.tokomac.km.WeatherKitApp;
				PRODUCT_NAME = "$(TARGET_NAME)";
				SDKROOT = auto;
				SUPPORTED_PLATFORMS = "iphoneos iphonesimulator";
				SUPPORTS_MACCATALYST = NO;
				SUPPORTS_MAC_DESIGNED_FOR_IPHONE_IPAD = NO;
				SWIFT_EMIT_LOC_STRINGS = YES;
				SWIFT_VERSION = 5.0;
				TARGETED_DEVICE_FAMILY = "1,2";
			};
			name = Debug;
		};
		0E58FFB829E23608004C8CE5 /* Release */ = {
			isa = XCBuildConfiguration;
			buildSettings = {
				ASSETCATALOG_COMPILER_APPICON_NAME = AppIcon;
				ASSETCATALOG_COMPILER_GLOBAL_ACCENT_COLOR_NAME = AccentColor;
				CODE_SIGN_ENTITLEMENTS = WeatherKitApp/WeatherKitApp.entitlements;
				CODE_SIGN_STYLE = Automatic;
				CURRENT_PROJECT_VERSION = 1;
				DEVELOPMENT_ASSET_PATHS = "\"WeatherKitApp/Preview Content\"";
				DEVELOPMENT_TEAM = CJBS8X59FK;
				ENABLE_HARDENED_RUNTIME = YES;
				ENABLE_PREVIEWS = YES;
				GENERATE_INFOPLIST_FILE = YES;
				INFOPLIST_KEY_NSLocationWhenInUseUsageDescription = "位置情報を使用します";
				"INFOPLIST_KEY_UIApplicationSceneManifest_Generation[sdk=iphoneos*]" = YES;
				"INFOPLIST_KEY_UIApplicationSceneManifest_Generation[sdk=iphonesimulator*]" = YES;
				"INFOPLIST_KEY_UIApplicationSupportsIndirectInputEvents[sdk=iphoneos*]" = YES;
				"INFOPLIST_KEY_UIApplicationSupportsIndirectInputEvents[sdk=iphonesimulator*]" = YES;
				"INFOPLIST_KEY_UILaunchScreen_Generation[sdk=iphoneos*]" = YES;
				"INFOPLIST_KEY_UILaunchScreen_Generation[sdk=iphonesimulator*]" = YES;
				INFOPLIST_KEY_UIStatusBarStyle = "";
				"INFOPLIST_KEY_UIStatusBarStyle[sdk=iphoneos*]" = UIStatusBarStyleDefault;
				"INFOPLIST_KEY_UIStatusBarStyle[sdk=iphonesimulator*]" = UIStatusBarStyleDefault;
				INFOPLIST_KEY_UISupportedInterfaceOrientations_iPad = "UIInterfaceOrientationPortrait UIInterfaceOrientationPortraitUpsideDown UIInterfaceOrientationLandscapeLeft UIInterfaceOrientationLandscapeRight";
				INFOPLIST_KEY_UISupportedInterfaceOrientations_iPhone = "UIInterfaceOrientationPortrait UIInterfaceOrientationLandscapeLeft UIInterfaceOrientationLandscapeRight";
				IPHONEOS_DEPLOYMENT_TARGET = 16.4;
				LD_RUNPATH_SEARCH_PATHS = "@executable_path/Frameworks";
				"LD_RUNPATH_SEARCH_PATHS[sdk=macosx*]" = "@executable_path/../Frameworks";
				MACOSX_DEPLOYMENT_TARGET = 13.3;
				MARKETING_VERSION = 1.0;
				PRODUCT_BUNDLE_IDENTIFIER = jp.tokomac.km.WeatherKitApp;
				PRODUCT_NAME = "$(TARGET_NAME)";
				SDKROOT = auto;
				SUPPORTED_PLATFORMS = "iphoneos iphonesimulator";
				SUPPORTS_MACCATALYST = NO;
				SUPPORTS_MAC_DESIGNED_FOR_IPHONE_IPAD = NO;
				SWIFT_EMIT_LOC_STRINGS = YES;
				SWIFT_VERSION = 5.0;
				TARGETED_DEVICE_FAMILY = "1,2";
			};
			name = Release;
		};
/* End XCBuildConfiguration section */

/* Begin XCConfigurationList section */
		0E58FFA229E23607004C8CE5 /* Build configuration list for PBXProject "WeatherKitApp" */ = {
			isa = XCConfigurationList;
			buildConfigurations = (
				0E58FFB429E23608004C8CE5 /* Debug */,
				0E58FFB529E23608004C8CE5 /* Release */,
			);
			defaultConfigurationIsVisible = 0;
			defaultConfigurationName = Release;
		};
		0E58FFB629E23608004C8CE5 /* Build configuration list for PBXNativeTarget "WeatherKitApp" */ = {
			isa = XCConfigurationList;
			buildConfigurations = (
				0E58FFB729E23608004C8CE5 /* Debug */,
				0E58FFB829E23608004C8CE5 /* Release */,
			);
			defaultConfigurationIsVisible = 0;
			defaultConfigurationName = Release;
		};
/* End XCConfigurationList section */
	};
	rootObject = 0E58FF9F29E23607004C8CE5 /* Project object */;
}
